PODS:
  - Alamofire (5.6.2)
  - KeyboardGuide (0.2.1)
  - Kingfisher (7.3.1)
  - Screeb (1.8.0):
    - Alamofire (~> 5.4)
    - KeyboardGuide (~> 0.2.1)
    - Kingfisher (~> 7.0)
    - Starscream (~> 4.0.0)
  - Starscream (4.0.4)

DEPENDENCIES:
  - Screeb (= 1.8.0)

SPEC REPOS:
  trunk:
    - Alamofire
    - KeyboardGuide
    - Kingfisher
    - Screeb
    - Starscream

SPEC CHECKSUMS:
  Alamofire: d368e1ff8a298e6dde360e35a3e68e6c610e7204
  KeyboardGuide: 1a30e6f6cac60f56ea94938bf9bc894bbc170be2
  Kingfisher: f411ab4902e733fc0c40522920fb5a236d7a7334
  Screeb: 11c41cba94c77fe31aac4c00bcf8510ae79e5fa2
  Starscream: 5178aed56b316f13fa3bc55694e583d35dd414d9

PODFILE CHECKSUM: 63694f38e109f6cf98e24e3d22869e25f13a5c60

COCOAPODS: 1.11.3
